
Microsoft Visual Studio Solution File, Format Version 12.00
# Visual Studio Version 16
VisualStudioVersion = 16.0.30517.126
MinimumVisualStudioVersion = 10.0.40219.1
Project("{FAE04EC0-301F-11D3-BF4B-00C04F79EFBC}") = "Eduxapi", "Eduxapi\Eduxapi.csproj", "{22612D71-FAB0-4E65-818D-C4B92FB44220}"
EndProject
Global
	GlobalSection(SolutionConfigurationPlatforms) = preSolution
		Debug|Any CPU = Debug|Any CPU
		Release|Any CPU = Release|Any CPU
	EndGlobalSection
	GlobalSection(ProjectConfigurationPlatforms) = postSolution
		{22612D71-FAB0-4E65-818D-C4B92FB44220}.Debug|Any CPU.ActiveCfg = Debug|Any CPU
		{22612D71-FAB0-4E65-818D-C4B92FB44220}.Debug|Any CPU.Build.0 = Debug|Any CPU
		{22612D71-FAB0-4E65-818D-C4B92FB44220}.Release|Any CPU.ActiveCfg = Release|Any CPU
		{22612D71-FAB0-4E65-818D-C4B92FB44220}.Release|Any CPU.Build.0 = Release|Any CPU
	EndGlobalSection
	GlobalSection(SolutionProperties) = preSolution
		HideSolutionNode = FALSE
	EndGlobalSection
	GlobalSection(ExtensibilityGlobals) = postSolution
		SolutionGuid = {A5EA343F-F59A-4904-8936-7D2148ADCBAD}
	EndGlobalSection
EndGlobal
